
Microsoft Visual Studio Solution File, Format Version 12.00
# Visual Studio Version 16
VisualStudioVersion = 16.0.29920.165
MinimumVisualStudioVersion = 10.0.40219.1
Project("{FAE04EC0-301F-11D3-BF4B-00C04F79EFBC}") = "Operadores", "Operadores\Operadores.csproj", "{88F2A982-CA7F-4CD5-98D7-5F65418482EE}"
EndProject
Global
	GlobalSection(SolutionConfigurationPlatforms) = preSolution
		Debug|Any CPU = Debug|Any CPU
		Release|Any CPU = Release|Any CPU
	EndGlobalSection
	GlobalSection(ProjectConfigurationPlatforms) = postSolution
		{88F2A982-CA7F-4CD5-98D7-5F65418482EE}.Debug|Any CPU.ActiveCfg = Debug|Any CPU
		{88F2A982-CA7F-4CD5-98D7-5F65418482EE}.Debug|Any CPU.Build.0 = Debug|Any CPU
		{88F2A982-CA7F-4CD5-98D7-5F65418482EE}.Release|Any CPU.ActiveCfg = Release|Any CPU
		{88F2A982-CA7F-4CD5-98D7-5F65418482EE}.Release|Any CPU.Build.0 = Release|Any CPU
	EndGlobalSection
	GlobalSection(SolutionProperties) = preSolution
		HideSolutionNode = FALSE
	EndGlobalSection
	GlobalSection(ExtensibilityGlobals) = postSolution
		SolutionGuid = {19A5630E-A94C-4CEF-AD83-E3D0BC15A9CF}
	EndGlobalSection
EndGlobal
