
Microsoft Visual Studio Solution File, Format Version 12.00
# Visual Studio Version 16
VisualStudioVersion = 16.0.30611.23
MinimumVisualStudioVersion = 10.0.40219.1
Project("{FAE04EC0-301F-11D3-BF4B-00C04F79EFBC}") = "ExLinq", "ExLinq\ExLinq.csproj", "{A5F7B806-0EF7-4C1A-9355-B76E3DF988E8}"
EndProject
Global
	GlobalSection(SolutionConfigurationPlatforms) = preSolution
		Debug|Any CPU = Debug|Any CPU
		Release|Any CPU = Release|Any CPU
	EndGlobalSection
	GlobalSection(ProjectConfigurationPlatforms) = postSolution
		{A5F7B806-0EF7-4C1A-9355-B76E3DF988E8}.Debug|Any CPU.ActiveCfg = Debug|Any CPU
		{A5F7B806-0EF7-4C1A-9355-B76E3DF988E8}.Debug|Any CPU.Build.0 = Debug|Any CPU
		{A5F7B806-0EF7-4C1A-9355-B76E3DF988E8}.Release|Any CPU.ActiveCfg = Release|Any CPU
		{A5F7B806-0EF7-4C1A-9355-B76E3DF988E8}.Release|Any CPU.Build.0 = Release|Any CPU
	EndGlobalSection
	GlobalSection(SolutionProperties) = preSolution
		HideSolutionNode = FALSE
	EndGlobalSection
	GlobalSection(ExtensibilityGlobals) = postSolution
		SolutionGuid = {87F97EB0-50B7-4CEC-B1BF-EB4FFB864B24}
	EndGlobalSection
EndGlobal
