
Microsoft Visual Studio Solution File, Format Version 12.00
# Visual Studio Version 16
VisualStudioVersion = 16.0.30114.105
MinimumVisualStudioVersion = 10.0.40219.1
Project("{FAE04EC0-301F-11D3-BF4B-00C04F79EFBC}") = "PjParam", "PjParam\PjParam.csproj", "{37D6DEE7-9633-4F5C-9BF7-9EDF6F797F71}"
EndProject
Global
	GlobalSection(SolutionConfigurationPlatforms) = preSolution
		Debug|Any CPU = Debug|Any CPU
		Release|Any CPU = Release|Any CPU
	EndGlobalSection
	GlobalSection(ProjectConfigurationPlatforms) = postSolution
		{37D6DEE7-9633-4F5C-9BF7-9EDF6F797F71}.Debug|Any CPU.ActiveCfg = Debug|Any CPU
		{37D6DEE7-9633-4F5C-9BF7-9EDF6F797F71}.Debug|Any CPU.Build.0 = Debug|Any CPU
		{37D6DEE7-9633-4F5C-9BF7-9EDF6F797F71}.Release|Any CPU.ActiveCfg = Release|Any CPU
		{37D6DEE7-9633-4F5C-9BF7-9EDF6F797F71}.Release|Any CPU.Build.0 = Release|Any CPU
	EndGlobalSection
	GlobalSection(SolutionProperties) = preSolution
		HideSolutionNode = FALSE
	EndGlobalSection
	GlobalSection(ExtensibilityGlobals) = postSolution
		SolutionGuid = {06CFC735-3DBE-422D-A977-DD1024022A7E}
	EndGlobalSection
EndGlobal
