
Microsoft Visual Studio Solution File, Format Version 12.00
# Visual Studio Version 16
VisualStudioVersion = 16.0.30320.27
MinimumVisualStudioVersion = 10.0.40219.1
Project("{FAE04EC0-301F-11D3-BF4B-00C04F79EFBC}") = "PjInterface", "PjInterface\PjInterface.csproj", "{A75ED79B-2AAB-4ED3-89F4-D555D6D9B07D}"
EndProject
Global
	GlobalSection(SolutionConfigurationPlatforms) = preSolution
		Debug|Any CPU = Debug|Any CPU
		Release|Any CPU = Release|Any CPU
	EndGlobalSection
	GlobalSection(ProjectConfigurationPlatforms) = postSolution
		{A75ED79B-2AAB-4ED3-89F4-D555D6D9B07D}.Debug|Any CPU.ActiveCfg = Debug|Any CPU
		{A75ED79B-2AAB-4ED3-89F4-D555D6D9B07D}.Debug|Any CPU.Build.0 = Debug|Any CPU
		{A75ED79B-2AAB-4ED3-89F4-D555D6D9B07D}.Release|Any CPU.ActiveCfg = Release|Any CPU
		{A75ED79B-2AAB-4ED3-89F4-D555D6D9B07D}.Release|Any CPU.Build.0 = Release|Any CPU
	EndGlobalSection
	GlobalSection(SolutionProperties) = preSolution
		HideSolutionNode = FALSE
	EndGlobalSection
	GlobalSection(ExtensibilityGlobals) = postSolution
		SolutionGuid = {8E6788AD-AA12-4044-A495-1D503B8710E1}
	EndGlobalSection
EndGlobal
