
Microsoft Visual Studio Solution File, Format Version 12.00
# Visual Studio Version 16
VisualStudioVersion = 16.0.30320.27
MinimumVisualStudioVersion = 10.0.40219.1
Project("{FAE04EC0-301F-11D3-BF4B-00C04F79EFBC}") = "ExArquivo", "ExArquivo\ExArquivo.csproj", "{0C197946-EF53-439A-A535-4ED2F68AD8E1}"
EndProject
Global
	GlobalSection(SolutionConfigurationPlatforms) = preSolution
		Debug|Any CPU = Debug|Any CPU
		Release|Any CPU = Release|Any CPU
	EndGlobalSection
	GlobalSection(ProjectConfigurationPlatforms) = postSolution
		{0C197946-EF53-439A-A535-4ED2F68AD8E1}.Debug|Any CPU.ActiveCfg = Debug|Any CPU
		{0C197946-EF53-439A-A535-4ED2F68AD8E1}.Debug|Any CPU.Build.0 = Debug|Any CPU
		{0C197946-EF53-439A-A535-4ED2F68AD8E1}.Release|Any CPU.ActiveCfg = Release|Any CPU
		{0C197946-EF53-439A-A535-4ED2F68AD8E1}.Release|Any CPU.Build.0 = Release|Any CPU
	EndGlobalSection
	GlobalSection(SolutionProperties) = preSolution
		HideSolutionNode = FALSE
	EndGlobalSection
	GlobalSection(ExtensibilityGlobals) = postSolution
		SolutionGuid = {4CE1A01A-3361-4F96-BD93-2256BB3F0D74}
	EndGlobalSection
EndGlobal
