
Microsoft Visual Studio Solution File, Format Version 12.00
# Visual Studio Version 16
VisualStudioVersion = 16.0.29920.165
MinimumVisualStudioVersion = 10.0.40219.1
Project("{FAE04EC0-301F-11D3-BF4B-00C04F79EFBC}") = "PjEstoqueProd", "PjEstoqueProd\PjEstoqueProd.csproj", "{678744E0-D779-4D6C-BD69-2F91361F4B6E}"
EndProject
Global
	GlobalSection(SolutionConfigurationPlatforms) = preSolution
		Debug|Any CPU = Debug|Any CPU
		Release|Any CPU = Release|Any CPU
	EndGlobalSection
	GlobalSection(ProjectConfigurationPlatforms) = postSolution
		{678744E0-D779-4D6C-BD69-2F91361F4B6E}.Debug|Any CPU.ActiveCfg = Debug|Any CPU
		{678744E0-D779-4D6C-BD69-2F91361F4B6E}.Debug|Any CPU.Build.0 = Debug|Any CPU
		{678744E0-D779-4D6C-BD69-2F91361F4B6E}.Release|Any CPU.ActiveCfg = Release|Any CPU
		{678744E0-D779-4D6C-BD69-2F91361F4B6E}.Release|Any CPU.Build.0 = Release|Any CPU
	EndGlobalSection
	GlobalSection(SolutionProperties) = preSolution
		HideSolutionNode = FALSE
	EndGlobalSection
	GlobalSection(ExtensibilityGlobals) = postSolution
		SolutionGuid = {3BAB3E3D-AB1A-456B-B014-041430F8DC1F}
	EndGlobalSection
EndGlobal
