
Microsoft Visual Studio Solution File, Format Version 12.00
# Visual Studio Version 16
VisualStudioVersion = 16.0.30523.141
MinimumVisualStudioVersion = 10.0.40219.1
Project("{FAE04EC0-301F-11D3-BF4B-00C04F79EFBC}") = "PjComparison", "PjComparison\PjComparison.csproj", "{5F1F6060-F874-49EA-8E69-3F8C12A9B20F}"
EndProject
Global
	GlobalSection(SolutionConfigurationPlatforms) = preSolution
		Debug|Any CPU = Debug|Any CPU
		Release|Any CPU = Release|Any CPU
	EndGlobalSection
	GlobalSection(ProjectConfigurationPlatforms) = postSolution
		{5F1F6060-F874-49EA-8E69-3F8C12A9B20F}.Debug|Any CPU.ActiveCfg = Debug|Any CPU
		{5F1F6060-F874-49EA-8E69-3F8C12A9B20F}.Debug|Any CPU.Build.0 = Debug|Any CPU
		{5F1F6060-F874-49EA-8E69-3F8C12A9B20F}.Release|Any CPU.ActiveCfg = Release|Any CPU
		{5F1F6060-F874-49EA-8E69-3F8C12A9B20F}.Release|Any CPU.Build.0 = Release|Any CPU
	EndGlobalSection
	GlobalSection(SolutionProperties) = preSolution
		HideSolutionNode = FALSE
	EndGlobalSection
	GlobalSection(ExtensibilityGlobals) = postSolution
		SolutionGuid = {667A8462-A96D-4CB5-841A-E0C6534351EB}
	EndGlobalSection
EndGlobal
