
Microsoft Visual Studio Solution File, Format Version 12.00
# Visual Studio Version 16
VisualStudioVersion = 16.0.29920.165
MinimumVisualStudioVersion = 10.0.40219.1
Project("{FAE04EC0-301F-11D3-BF4B-00C04F79EFBC}") = "PjFuncao", "PjFuncao\PjFuncao.csproj", "{4C986D2E-B0CF-4B08-AF25-EFCBB068E34C}"
EndProject
Global
	GlobalSection(SolutionConfigurationPlatforms) = preSolution
		Debug|Any CPU = Debug|Any CPU
		Release|Any CPU = Release|Any CPU
	EndGlobalSection
	GlobalSection(ProjectConfigurationPlatforms) = postSolution
		{4C986D2E-B0CF-4B08-AF25-EFCBB068E34C}.Debug|Any CPU.ActiveCfg = Debug|Any CPU
		{4C986D2E-B0CF-4B08-AF25-EFCBB068E34C}.Debug|Any CPU.Build.0 = Debug|Any CPU
		{4C986D2E-B0CF-4B08-AF25-EFCBB068E34C}.Release|Any CPU.ActiveCfg = Release|Any CPU
		{4C986D2E-B0CF-4B08-AF25-EFCBB068E34C}.Release|Any CPU.Build.0 = Release|Any CPU
	EndGlobalSection
	GlobalSection(SolutionProperties) = preSolution
		HideSolutionNode = FALSE
	EndGlobalSection
	GlobalSection(ExtensibilityGlobals) = postSolution
		SolutionGuid = {12E431D5-DE39-4529-908C-F251785CE923}
	EndGlobalSection
EndGlobal
