
Microsoft Visual Studio Solution File, Format Version 12.00
# Visual Studio Version 16
VisualStudioVersion = 16.0.29920.165
MinimumVisualStudioVersion = 10.0.40219.1
Project("{FAE04EC0-301F-11D3-BF4B-00C04F79EFBC}") = "ExercicioProp", "ExercicioProp\ExercicioProp.csproj", "{2307E55C-68BF-4CFB-85F5-709959ABEA11}"
EndProject
Global
	GlobalSection(SolutionConfigurationPlatforms) = preSolution
		Debug|Any CPU = Debug|Any CPU
		Release|Any CPU = Release|Any CPU
	EndGlobalSection
	GlobalSection(ProjectConfigurationPlatforms) = postSolution
		{2307E55C-68BF-4CFB-85F5-709959ABEA11}.Debug|Any CPU.ActiveCfg = Debug|Any CPU
		{2307E55C-68BF-4CFB-85F5-709959ABEA11}.Debug|Any CPU.Build.0 = Debug|Any CPU
		{2307E55C-68BF-4CFB-85F5-709959ABEA11}.Release|Any CPU.ActiveCfg = Release|Any CPU
		{2307E55C-68BF-4CFB-85F5-709959ABEA11}.Release|Any CPU.Build.0 = Release|Any CPU
	EndGlobalSection
	GlobalSection(SolutionProperties) = preSolution
		HideSolutionNode = FALSE
	EndGlobalSection
	GlobalSection(ExtensibilityGlobals) = postSolution
		SolutionGuid = {D29EDA91-DB5A-417A-B538-430E53E4F05E}
	EndGlobalSection
EndGlobal
