
Microsoft Visual Studio Solution File, Format Version 12.00
# Visual Studio Version 16
VisualStudioVersion = 16.0.29920.165
MinimumVisualStudioVersion = 10.0.40219.1
Project("{FAE04EC0-301F-11D3-BF4B-00C04F79EFBC}") = "DesafioArvore", "DesafioArvore\DesafioArvore.csproj", "{9FC3B6BA-BE2F-4E3C-9CDD-54BE8366A6EE}"
EndProject
Global
	GlobalSection(SolutionConfigurationPlatforms) = preSolution
		Debug|Any CPU = Debug|Any CPU
		Release|Any CPU = Release|Any CPU
	EndGlobalSection
	GlobalSection(ProjectConfigurationPlatforms) = postSolution
		{9FC3B6BA-BE2F-4E3C-9CDD-54BE8366A6EE}.Debug|Any CPU.ActiveCfg = Debug|Any CPU
		{9FC3B6BA-BE2F-4E3C-9CDD-54BE8366A6EE}.Debug|Any CPU.Build.0 = Debug|Any CPU
		{9FC3B6BA-BE2F-4E3C-9CDD-54BE8366A6EE}.Release|Any CPU.ActiveCfg = Release|Any CPU
		{9FC3B6BA-BE2F-4E3C-9CDD-54BE8366A6EE}.Release|Any CPU.Build.0 = Release|Any CPU
	EndGlobalSection
	GlobalSection(SolutionProperties) = preSolution
		HideSolutionNode = FALSE
	EndGlobalSection
	GlobalSection(ExtensibilityGlobals) = postSolution
		SolutionGuid = {6070B6AE-C5BF-479B-B123-9F705266B298}
	EndGlobalSection
EndGlobal
