
Microsoft Visual Studio Solution File, Format Version 12.00
# Visual Studio Version 16
VisualStudioVersion = 16.0.30114.105
MinimumVisualStudioVersion = 10.0.40219.1
Project("{FAE04EC0-301F-11D3-BF4B-00C04F79EFBC}") = "PjList", "PjList\PjList.csproj", "{42BB6913-06EC-406B-B601-1ECD9502824A}"
EndProject
Global
	GlobalSection(SolutionConfigurationPlatforms) = preSolution
		Debug|Any CPU = Debug|Any CPU
		Release|Any CPU = Release|Any CPU
	EndGlobalSection
	GlobalSection(ProjectConfigurationPlatforms) = postSolution
		{42BB6913-06EC-406B-B601-1ECD9502824A}.Debug|Any CPU.ActiveCfg = Debug|Any CPU
		{42BB6913-06EC-406B-B601-1ECD9502824A}.Debug|Any CPU.Build.0 = Debug|Any CPU
		{42BB6913-06EC-406B-B601-1ECD9502824A}.Release|Any CPU.ActiveCfg = Release|Any CPU
		{42BB6913-06EC-406B-B601-1ECD9502824A}.Release|Any CPU.Build.0 = Release|Any CPU
	EndGlobalSection
	GlobalSection(SolutionProperties) = preSolution
		HideSolutionNode = FALSE
	EndGlobalSection
	GlobalSection(ExtensibilityGlobals) = postSolution
		SolutionGuid = {55A32168-76C6-4089-8AED-FD1F3C6F83CF}
	EndGlobalSection
EndGlobal
