
Microsoft Visual Studio Solution File, Format Version 12.00
# Visual Studio Version 16
VisualStudioVersion = 16.0.30114.105
MinimumVisualStudioVersion = 10.0.40219.1
Project("{FAE04EC0-301F-11D3-BF4B-00C04F79EFBC}") = "PjMatriz", "PjMatriz\PjMatriz.csproj", "{F3E07E9A-9BE7-4E96-BF51-DC504989289D}"
EndProject
Global
	GlobalSection(SolutionConfigurationPlatforms) = preSolution
		Debug|Any CPU = Debug|Any CPU
		Release|Any CPU = Release|Any CPU
	EndGlobalSection
	GlobalSection(ProjectConfigurationPlatforms) = postSolution
		{F3E07E9A-9BE7-4E96-BF51-DC504989289D}.Debug|Any CPU.ActiveCfg = Debug|Any CPU
		{F3E07E9A-9BE7-4E96-BF51-DC504989289D}.Debug|Any CPU.Build.0 = Debug|Any CPU
		{F3E07E9A-9BE7-4E96-BF51-DC504989289D}.Release|Any CPU.ActiveCfg = Release|Any CPU
		{F3E07E9A-9BE7-4E96-BF51-DC504989289D}.Release|Any CPU.Build.0 = Release|Any CPU
	EndGlobalSection
	GlobalSection(SolutionProperties) = preSolution
		HideSolutionNode = FALSE
	EndGlobalSection
	GlobalSection(ExtensibilityGlobals) = postSolution
		SolutionGuid = {35A4F215-B668-4635-B972-1F226B135A05}
	EndGlobalSection
EndGlobal
