
Microsoft Visual Studio Solution File, Format Version 12.00
# Visual Studio Version 16
VisualStudioVersion = 16.0.29920.165
MinimumVisualStudioVersion = 10.0.40219.1
Project("{FAE04EC0-301F-11D3-BF4B-00C04F79EFBC}") = "LacoRepWhile", "LacoRepWhile\LacoRepWhile.csproj", "{96884B9A-5540-406E-AFF6-772B8F98AFE6}"
EndProject
Global
	GlobalSection(SolutionConfigurationPlatforms) = preSolution
		Debug|Any CPU = Debug|Any CPU
		Release|Any CPU = Release|Any CPU
	EndGlobalSection
	GlobalSection(ProjectConfigurationPlatforms) = postSolution
		{96884B9A-5540-406E-AFF6-772B8F98AFE6}.Debug|Any CPU.ActiveCfg = Debug|Any CPU
		{96884B9A-5540-406E-AFF6-772B8F98AFE6}.Debug|Any CPU.Build.0 = Debug|Any CPU
		{96884B9A-5540-406E-AFF6-772B8F98AFE6}.Release|Any CPU.ActiveCfg = Release|Any CPU
		{96884B9A-5540-406E-AFF6-772B8F98AFE6}.Release|Any CPU.Build.0 = Release|Any CPU
	EndGlobalSection
	GlobalSection(SolutionProperties) = preSolution
		HideSolutionNode = FALSE
	EndGlobalSection
	GlobalSection(ExtensibilityGlobals) = postSolution
		SolutionGuid = {8620AA74-3368-4666-91DE-997AC1975FCB}
	EndGlobalSection
EndGlobal
