
Microsoft Visual Studio Solution File, Format Version 12.00
# Visual Studio Version 16
VisualStudioVersion = 16.0.30114.105
MinimumVisualStudioVersion = 10.0.40219.1
Project("{FAE04EC0-301F-11D3-BF4B-00C04F79EFBC}") = "ExShape", "ExShape\ExShape.csproj", "{31E8138A-6F36-4918-9E1D-84F97E9BE526}"
EndProject
Global
	GlobalSection(SolutionConfigurationPlatforms) = preSolution
		Debug|Any CPU = Debug|Any CPU
		Release|Any CPU = Release|Any CPU
	EndGlobalSection
	GlobalSection(ProjectConfigurationPlatforms) = postSolution
		{31E8138A-6F36-4918-9E1D-84F97E9BE526}.Debug|Any CPU.ActiveCfg = Debug|Any CPU
		{31E8138A-6F36-4918-9E1D-84F97E9BE526}.Debug|Any CPU.Build.0 = Debug|Any CPU
		{31E8138A-6F36-4918-9E1D-84F97E9BE526}.Release|Any CPU.ActiveCfg = Release|Any CPU
		{31E8138A-6F36-4918-9E1D-84F97E9BE526}.Release|Any CPU.Build.0 = Release|Any CPU
	EndGlobalSection
	GlobalSection(SolutionProperties) = preSolution
		HideSolutionNode = FALSE
	EndGlobalSection
	GlobalSection(ExtensibilityGlobals) = postSolution
		SolutionGuid = {8212DE8A-A164-4F99-88BC-DFEC26495EBB}
	EndGlobalSection
EndGlobal
