
Microsoft Visual Studio Solution File, Format Version 12.00
# Visual Studio Version 16
VisualStudioVersion = 16.0.30320.27
MinimumVisualStudioVersion = 10.0.40219.1
Project("{FAE04EC0-301F-11D3-BF4B-00C04F79EFBC}") = "Xadrez-Console", "Xadrez-Console\Xadrez-Console.csproj", "{3F3C927E-5A79-41D0-8ECC-77BB6E57A77A}"
EndProject
Global
	GlobalSection(SolutionConfigurationPlatforms) = preSolution
		Debug|Any CPU = Debug|Any CPU
		Release|Any CPU = Release|Any CPU
	EndGlobalSection
	GlobalSection(ProjectConfigurationPlatforms) = postSolution
		{3F3C927E-5A79-41D0-8ECC-77BB6E57A77A}.Debug|Any CPU.ActiveCfg = Debug|Any CPU
		{3F3C927E-5A79-41D0-8ECC-77BB6E57A77A}.Debug|Any CPU.Build.0 = Debug|Any CPU
		{3F3C927E-5A79-41D0-8ECC-77BB6E57A77A}.Release|Any CPU.ActiveCfg = Release|Any CPU
		{3F3C927E-5A79-41D0-8ECC-77BB6E57A77A}.Release|Any CPU.Build.0 = Release|Any CPU
	EndGlobalSection
	GlobalSection(SolutionProperties) = preSolution
		HideSolutionNode = FALSE
	EndGlobalSection
	GlobalSection(ExtensibilityGlobals) = postSolution
		SolutionGuid = {B9633390-AAA2-4F74-812F-274625D736B6}
	EndGlobalSection
EndGlobal
