
Microsoft Visual Studio Solution File, Format Version 12.00
# Visual Studio Version 16
VisualStudioVersion = 16.0.30114.105
MinimumVisualStudioVersion = 10.0.40219.1
Project("{FAE04EC0-301F-11D3-BF4B-00C04F79EFBC}") = "PjEnum", "PjEnum\PjEnum.csproj", "{E99F8AF9-8194-4207-822F-72A321A43BB9}"
EndProject
Global
	GlobalSection(SolutionConfigurationPlatforms) = preSolution
		Debug|Any CPU = Debug|Any CPU
		Release|Any CPU = Release|Any CPU
	EndGlobalSection
	GlobalSection(ProjectConfigurationPlatforms) = postSolution
		{E99F8AF9-8194-4207-822F-72A321A43BB9}.Debug|Any CPU.ActiveCfg = Debug|Any CPU
		{E99F8AF9-8194-4207-822F-72A321A43BB9}.Debug|Any CPU.Build.0 = Debug|Any CPU
		{E99F8AF9-8194-4207-822F-72A321A43BB9}.Release|Any CPU.ActiveCfg = Release|Any CPU
		{E99F8AF9-8194-4207-822F-72A321A43BB9}.Release|Any CPU.Build.0 = Release|Any CPU
	EndGlobalSection
	GlobalSection(SolutionProperties) = preSolution
		HideSolutionNode = FALSE
	EndGlobalSection
	GlobalSection(ExtensibilityGlobals) = postSolution
		SolutionGuid = {E1932CDA-2C87-4865-B1B8-AD8168BCA652}
	EndGlobalSection
EndGlobal
