
Microsoft Visual Studio Solution File, Format Version 12.00
# Visual Studio Version 16
VisualStudioVersion = 16.0.30114.105
MinimumVisualStudioVersion = 10.0.40219.1
Project("{FAE04EC0-301F-11D3-BF4B-00C04F79EFBC}") = "Exproposto", "Exproposto\Exproposto.csproj", "{F2116C21-17B9-457E-B429-5DD2B6309340}"
EndProject
Global
	GlobalSection(SolutionConfigurationPlatforms) = preSolution
		Debug|Any CPU = Debug|Any CPU
		Release|Any CPU = Release|Any CPU
	EndGlobalSection
	GlobalSection(ProjectConfigurationPlatforms) = postSolution
		{F2116C21-17B9-457E-B429-5DD2B6309340}.Debug|Any CPU.ActiveCfg = Debug|Any CPU
		{F2116C21-17B9-457E-B429-5DD2B6309340}.Debug|Any CPU.Build.0 = Debug|Any CPU
		{F2116C21-17B9-457E-B429-5DD2B6309340}.Release|Any CPU.ActiveCfg = Release|Any CPU
		{F2116C21-17B9-457E-B429-5DD2B6309340}.Release|Any CPU.Build.0 = Release|Any CPU
	EndGlobalSection
	GlobalSection(SolutionProperties) = preSolution
		HideSolutionNode = FALSE
	EndGlobalSection
	GlobalSection(ExtensibilityGlobals) = postSolution
		SolutionGuid = {DE6EFD17-3F21-48E0-9737-8B5470B32165}
	EndGlobalSection
EndGlobal
