
Microsoft Visual Studio Solution File, Format Version 12.00
# Visual Studio Version 16
VisualStudioVersion = 16.0.30320.27
MinimumVisualStudioVersion = 10.0.40219.1
Project("{FAE04EC0-301F-11D3-BF4B-00C04F79EFBC}") = "PjCustomException", "PjCustomException\PjCustomException.csproj", "{5073C80D-9B84-414A-810A-25EE98DD2FAF}"
EndProject
Global
	GlobalSection(SolutionConfigurationPlatforms) = preSolution
		Debug|Any CPU = Debug|Any CPU
		Release|Any CPU = Release|Any CPU
	EndGlobalSection
	GlobalSection(ProjectConfigurationPlatforms) = postSolution
		{5073C80D-9B84-414A-810A-25EE98DD2FAF}.Debug|Any CPU.ActiveCfg = Debug|Any CPU
		{5073C80D-9B84-414A-810A-25EE98DD2FAF}.Debug|Any CPU.Build.0 = Debug|Any CPU
		{5073C80D-9B84-414A-810A-25EE98DD2FAF}.Release|Any CPU.ActiveCfg = Release|Any CPU
		{5073C80D-9B84-414A-810A-25EE98DD2FAF}.Release|Any CPU.Build.0 = Release|Any CPU
	EndGlobalSection
	GlobalSection(SolutionProperties) = preSolution
		HideSolutionNode = FALSE
	EndGlobalSection
	GlobalSection(ExtensibilityGlobals) = postSolution
		SolutionGuid = {A470FB62-C02A-4C60-BE4F-2ED9DB84ED8D}
	EndGlobalSection
EndGlobal
