
Microsoft Visual Studio Solution File, Format Version 12.00
# Visual Studio Version 16
VisualStudioVersion = 16.0.30611.23
MinimumVisualStudioVersion = 10.0.40219.1
Project("{FAE04EC0-301F-11D3-BF4B-00C04F79EFBC}") = "PjIntLinq", "PjIntLinq\PjIntLinq.csproj", "{6E19048D-189C-4522-85EF-04557ABB415C}"
EndProject
Global
	GlobalSection(SolutionConfigurationPlatforms) = preSolution
		Debug|Any CPU = Debug|Any CPU
		Release|Any CPU = Release|Any CPU
	EndGlobalSection
	GlobalSection(ProjectConfigurationPlatforms) = postSolution
		{6E19048D-189C-4522-85EF-04557ABB415C}.Debug|Any CPU.ActiveCfg = Debug|Any CPU
		{6E19048D-189C-4522-85EF-04557ABB415C}.Debug|Any CPU.Build.0 = Debug|Any CPU
		{6E19048D-189C-4522-85EF-04557ABB415C}.Release|Any CPU.ActiveCfg = Release|Any CPU
		{6E19048D-189C-4522-85EF-04557ABB415C}.Release|Any CPU.Build.0 = Release|Any CPU
	EndGlobalSection
	GlobalSection(SolutionProperties) = preSolution
		HideSolutionNode = FALSE
	EndGlobalSection
	GlobalSection(ExtensibilityGlobals) = postSolution
		SolutionGuid = {367023A9-5971-477C-AF88-19F09E8D704A}
	EndGlobalSection
EndGlobal
