
Microsoft Visual Studio Solution File, Format Version 12.00
# Visual Studio Version 16
VisualStudioVersion = 16.0.29920.165
MinimumVisualStudioVersion = 10.0.40219.1
Project("{FAE04EC0-301F-11D3-BF4B-00C04F79EFBC}") = "ConversaoImp", "ConversaoImp\ConversaoImp.csproj", "{ED639F43-188A-49A9-82BC-147DF0F82C79}"
EndProject
Global
	GlobalSection(SolutionConfigurationPlatforms) = preSolution
		Debug|Any CPU = Debug|Any CPU
		Release|Any CPU = Release|Any CPU
	EndGlobalSection
	GlobalSection(ProjectConfigurationPlatforms) = postSolution
		{ED639F43-188A-49A9-82BC-147DF0F82C79}.Debug|Any CPU.ActiveCfg = Debug|Any CPU
		{ED639F43-188A-49A9-82BC-147DF0F82C79}.Debug|Any CPU.Build.0 = Debug|Any CPU
		{ED639F43-188A-49A9-82BC-147DF0F82C79}.Release|Any CPU.ActiveCfg = Release|Any CPU
		{ED639F43-188A-49A9-82BC-147DF0F82C79}.Release|Any CPU.Build.0 = Release|Any CPU
	EndGlobalSection
	GlobalSection(SolutionProperties) = preSolution
		HideSolutionNode = FALSE
	EndGlobalSection
	GlobalSection(ExtensibilityGlobals) = postSolution
		SolutionGuid = {691F953F-FEF0-45CB-938B-1106A46544C5}
	EndGlobalSection
EndGlobal
