
Microsoft Visual Studio Solution File, Format Version 12.00
# Visual Studio Version 16
VisualStudioVersion = 16.0.30523.141
MinimumVisualStudioVersion = 10.0.40219.1
Project("{FAE04EC0-301F-11D3-BF4B-00C04F79EFBC}") = "PjExtensionMethods", "PjExtensionMethods\PjExtensionMethods.csproj", "{00BB9177-63A2-4EF9-A3CA-23DB562A9C3D}"
EndProject
Global
	GlobalSection(SolutionConfigurationPlatforms) = preSolution
		Debug|Any CPU = Debug|Any CPU
		Release|Any CPU = Release|Any CPU
	EndGlobalSection
	GlobalSection(ProjectConfigurationPlatforms) = postSolution
		{00BB9177-63A2-4EF9-A3CA-23DB562A9C3D}.Debug|Any CPU.ActiveCfg = Debug|Any CPU
		{00BB9177-63A2-4EF9-A3CA-23DB562A9C3D}.Debug|Any CPU.Build.0 = Debug|Any CPU
		{00BB9177-63A2-4EF9-A3CA-23DB562A9C3D}.Release|Any CPU.ActiveCfg = Release|Any CPU
		{00BB9177-63A2-4EF9-A3CA-23DB562A9C3D}.Release|Any CPU.Build.0 = Release|Any CPU
	EndGlobalSection
	GlobalSection(SolutionProperties) = preSolution
		HideSolutionNode = FALSE
	EndGlobalSection
	GlobalSection(ExtensibilityGlobals) = postSolution
		SolutionGuid = {59105369-936C-407C-AC27-F8A62DA3E2C3}
	EndGlobalSection
EndGlobal
